// !$*UTF8*$!
{
	archiveVersion = 1;
	classes = {
	};
	objectVersion = 77;
	objects = {

/* Begin PBXBuildFile section */
		0A480D7A2D3CA90A008032D3 /* UserModel.swift in Sources */ = {isa = PBXBuildFile; fileRef = 0A480D792D3CA90A008032D3 /* UserModel.swift */; };
		0A4E2EEA2D43EA0000BE8075 /* ProductModel.swift in Sources */ = {isa = PBXBuildFile; fileRef = 0A4E2EE92D43EA0000BE8075 /* ProductModel.swift */; };
		0A4E2EEC2D446EA400BE8075 /* CategoryModel.swift in Sources */ = {isa = PBXBuildFile; fileRef = 0A4E2EEB2D446EA400BE8075 /* CategoryModel.swift */; };
		0A7EBB122D36F8290070CCED /* SignInView.swift in Sources */ = {isa = PBXBuildFile; fileRef = 0A7EBB112D36F81A0070CCED /* SignInView.swift */; };
		0A7EBB162D370E4B0070CCED /* CountryPickerUI.swift in Sources */ = {isa = PBXBuildFile; fileRef = 0A7EBB152D370E4B0070CCED /* CountryPickerUI.swift */; };
		0A7EBB192D370E730070CCED /* CountryPicker in Frameworks */ = {isa = PBXBuildFile; productRef = 0A7EBB182D370E730070CCED /* CountryPicker */; };
		0A7EBB1B2D3713FD0070CCED /* LoginView.swift in Sources */ = {isa = PBXBuildFile; fileRef = 0A7EBB1A2D3713FD0070CCED /* LoginView.swift */; };
		0A7EBB1D2D37141A0070CCED /* SignUpView.swift in Sources */ = {isa = PBXBuildFile; fileRef = 0A7EBB1C2D37141A0070CCED /* SignUpView.swift */; };
		0A7EBB212D37E1880070CCED /* MainViewModel.swift in Sources */ = {isa = PBXBuildFile; fileRef = 0A7EBB202D37E1880070CCED /* MainViewModel.swift */; };
		0A7EBB252D3850550070CCED /* FormTextfield.swift in Sources */ = {isa = PBXBuildFile; fileRef = 0A7EBB242D3850550070CCED /* FormTextfield.swift */; };
		0A7EBB272D3898380070CCED /* ServiceCall.swift in Sources */ = {isa = PBXBuildFile; fileRef = 0A7EBB262D3898380070CCED /* ServiceCall.swift */; };
		0A812D242D467AB50005030C /* ProductDetailView.swift in Sources */ = {isa = PBXBuildFile; fileRef = 0A812D232D467AB50005030C /* ProductDetailView.swift */; };
		0A812D262D4681C90005030C /* ProductDetailViewModel.swift in Sources */ = {isa = PBXBuildFile; fileRef = 0A812D252D4681C90005030C /* ProductDetailViewModel.swift */; };
		0A812D2E2D468B2D0005030C /* NutritionModel.swift in Sources */ = {isa = PBXBuildFile; fileRef = 0A812D2D2D468B2D0005030C /* NutritionModel.swift */; };
		0A812D302D468B8B0005030C /* ImageModel.swift in Sources */ = {isa = PBXBuildFile; fileRef = 0A812D2F2D468B8B0005030C /* ImageModel.swift */; };
		0A88D1042D40617500628B19 /* ViewExtension.swift in Sources */ = {isa = PBXBuildFile; fileRef = 0A88D1032D40617500628B19 /* ViewExtension.swift */; };
		0A88D1072D41CC9300628B19 /* MainTabView.swift in Sources */ = {isa = PBXBuildFile; fileRef = 0A88D1062D41CC9300628B19 /* MainTabView.swift */; };
		0A88D10D2D42867D00628B19 /* HomeViewModel.swift in Sources */ = {isa = PBXBuildFile; fileRef = 0A88D10C2D42867D00628B19 /* HomeViewModel.swift */; };
		0A88D1102D4287C400628B19 /* HomeView.swift in Sources */ = {isa = PBXBuildFile; fileRef = 0A88D10F2D4287C400628B19 /* HomeView.swift */; };
		0A88D1152D428E6400628B19 /* ExploreView.swift in Sources */ = {isa = PBXBuildFile; fileRef = 0A88D1142D428E6400628B19 /* ExploreView.swift */; };
		0A88D1172D42A74D00628B19 /* TabButton.swift in Sources */ = {isa = PBXBuildFile; fileRef = 0A88D1162D42A74D00628B19 /* TabButton.swift */; };
		0A88D1192D42D56400628B19 /* SearchTextField.swift in Sources */ = {isa = PBXBuildFile; fileRef = 0A88D1182D42D56400628B19 /* SearchTextField.swift */; };
		0A88D11D2D42D8FD00628B19 /* SectionTitleAll.swift in Sources */ = {isa = PBXBuildFile; fileRef = 0A88D11C2D42D8FD00628B19 /* SectionTitleAll.swift */; };
		0A88D1222D42E17D00628B19 /* SDWebImageSwiftUI in Frameworks */ = {isa = PBXBuildFile; productRef = 0A88D1212D42E17D00628B19 /* SDWebImageSwiftUI */; };
		0A88D1262D42E92000628B19 /* ProductCell.swift in Sources */ = {isa = PBXBuildFile; fileRef = 0A88D1252D42E92000628B19 /* ProductCell.swift */; };
		0A88D1282D42F94600628B19 /* CategoryCell.swift in Sources */ = {isa = PBXBuildFile; fileRef = 0A88D1272D42F94600628B19 /* CategoryCell.swift */; };
		0A9A05432D45449B009F5AA8 /* Globs.swift in Sources */ = {isa = PBXBuildFile; fileRef = 0A9A05422D45449B009F5AA8 /* Globs.swift */; };
		0ABB5AB32D353C3900FB50A3 /* OnlinGroceryStoreApp.swift in Sources */ = {isa = PBXBuildFile; fileRef = 0ABB5AB02D353C3900FB50A3 /* OnlinGroceryStoreApp.swift */; };
		0ABB5AB42D353C3900FB50A3 /* Preview Assets.xcassets in Resources */ = {isa = PBXBuildFile; fileRef = 0ABB5AAC2D353C3900FB50A3 /* Preview Assets.xcassets */; };
		0ABB5AB52D353C3900FB50A3 /* Assets.xcassets in Resources */ = {isa = PBXBuildFile; fileRef = 0ABB5AAE2D353C3900FB50A3 /* Assets.xcassets */; };
		0ABB5ACA2D353C4100FB50A3 /* Launch Screen.storyboard in Resources */ = {isa = PBXBuildFile; fileRef = 0ABB5AC92D353C4100FB50A3 /* Launch Screen.storyboard */; };
		0ABB5ACB2D353C4100FB50A3 /* Gilroy-Semibold.ttf in Resources */ = {isa = PBXBuildFile; fileRef = 0ABB5AC72D353C4100FB50A3 /* Gilroy-Semibold.ttf */; };
		0ABB5ACC2D353C4100FB50A3 /* Gilroy-Regular.ttf in Resources */ = {isa = PBXBuildFile; fileRef = 0ABB5AC62D353C4100FB50A3 /* Gilroy-Regular.ttf */; };
		0ABB5ACD2D353C4100FB50A3 /* Gilroy-Medium.ttf in Resources */ = {isa = PBXBuildFile; fileRef = 0ABB5AC52D353C4100FB50A3 /* Gilroy-Medium.ttf */; };
		0ABB5ACE2D353C4100FB50A3 /* Gilroy-Bold.ttf in Resources */ = {isa = PBXBuildFile; fileRef = 0ABB5AC42D353C4100FB50A3 /* Gilroy-Bold.ttf */; };
		0ABB5AD12D353C4100FB50A3 /* UIKitExtention.swift in Sources */ = {isa = PBXBuildFile; fileRef = 0ABB5AB62D353C4100FB50A3 /* UIKitExtention.swift */; };
		0ABB5AD22D353C4100FB50A3 /* RoundButton.swift in Sources */ = {isa = PBXBuildFile; fileRef = 0ABB5AB92D353C4100FB50A3 /* RoundButton.swift */; };
		0ABB5AD32D353C4100FB50A3 /* UIExtension.swift in Sources */ = {isa = PBXBuildFile; fileRef = 0ABB5AB82D353C4100FB50A3 /* UIExtension.swift */; };
		0ABB5AD42D353C4100FB50A3 /* WelcomeView.swift in Sources */ = {isa = PBXBuildFile; fileRef = 0ABB5AC12D353C4100FB50A3 /* WelcomeView.swift */; };
		0ABCCEC42D487431009B8430 /* FavouriteView.swift in Sources */ = {isa = PBXBuildFile; fileRef = 0ABCCEC32D487431009B8430 /* FavouriteView.swift */; };
		0ABCCEC82D4874D0009B8430 /* FavouriteRow.swift in Sources */ = {isa = PBXBuildFile; fileRef = 0ABCCEC72D4874D0009B8430 /* FavouriteRow.swift */; };
		0ABCCECA2D48759E009B8430 /* FavouriteViewModel.swift in Sources */ = {isa = PBXBuildFile; fileRef = 0ABCCEC92D48759E009B8430 /* FavouriteViewModel.swift */; };
		0ABCCECC2D497FAA009B8430 /* ExploreViewModel.swift in Sources */ = {isa = PBXBuildFile; fileRef = 0ABCCECB2D497FAA009B8430 /* ExploreViewModel.swift */; };
		0ABCCECE2D49822E009B8430 /* ExploreModel.swift in Sources */ = {isa = PBXBuildFile; fileRef = 0ABCCECD2D49822E009B8430 /* ExploreModel.swift */; };
		0ABCCED02D49969E009B8430 /* ExploreCategoryCell.swift in Sources */ = {isa = PBXBuildFile; fileRef = 0ABCCECF2D49969E009B8430 /* ExploreCategoryCell.swift */; };
		0ABCCED22D49B86D009B8430 /* ExploreItemsView.swift in Sources */ = {isa = PBXBuildFile; fileRef = 0ABCCED12D49B86C009B8430 /* ExploreItemsView.swift */; };
		0ABCCED42D49B924009B8430 /* ExploreItemViewModel .swift in Sources */ = {isa = PBXBuildFile; fileRef = 0ABCCED32D49B924009B8430 /* ExploreItemViewModel .swift */; };
		0ABCCED62D4A6022009B8430 /* SwiftUIView.swift in Sources */ = {isa = PBXBuildFile; fileRef = 0ABCCED52D4A6022009B8430 /* SwiftUIView.swift */; };
		0ABCCED82D4B0212009B8430 /* CustomAppBar.swift in Sources */ = {isa = PBXBuildFile; fileRef = 0ABCCED72D4B0212009B8430 /* CustomAppBar.swift */; };
/* End PBXBuildFile section */

/* Begin PBXFileReference section */
		0A480D792D3CA90A008032D3 /* UserModel.swift */ = {isa = PBXFileReference; lastKnownFileType = sourcecode.swift; path = UserModel.swift; sourceTree = "<group>"; };
		0A4E2EE92D43EA0000BE8075 /* ProductModel.swift */ = {isa = PBXFileReference; lastKnownFileType = sourcecode.swift; path = ProductModel.swift; sourceTree = "<group>"; };
		0A4E2EEB2D446EA400BE8075 /* CategoryModel.swift */ = {isa = PBXFileReference; lastKnownFileType = sourcecode.swift; path = CategoryModel.swift; sourceTree = "<group>"; };
		0A7EBB112D36F81A0070CCED /* SignInView.swift */ = {isa = PBXFileReference; lastKnownFileType = sourcecode.swift; path = SignInView.swift; sourceTree = "<group>"; };
		0A7EBB152D370E4B0070CCED /* CountryPickerUI.swift */ = {isa = PBXFileReference; lastKnownFileType = sourcecode.swift; path = CountryPickerUI.swift; sourceTree = "<group>"; };
		0A7EBB1A2D3713FD0070CCED /* LoginView.swift */ = {isa = PBXFileReference; lastKnownFileType = sourcecode.swift; path = LoginView.swift; sourceTree = "<group>"; };
		0A7EBB1C2D37141A0070CCED /* SignUpView.swift */ = {isa = PBXFileReference; lastKnownFileType = sourcecode.swift; path = SignUpView.swift; sourceTree = "<group>"; };
		0A7EBB202D37E1880070CCED /* MainViewModel.swift */ = {isa = PBXFileReference; lastKnownFileType = sourcecode.swift; path = MainViewModel.swift; sourceTree = "<group>"; };
		0A7EBB242D3850550070CCED /* FormTextfield.swift */ = {isa = PBXFileReference; lastKnownFileType = sourcecode.swift; path = FormTextfield.swift; sourceTree = "<group>"; };
		0A7EBB262D3898380070CCED /* ServiceCall.swift */ = {isa = PBXFileReference; lastKnownFileType = sourcecode.swift; path = ServiceCall.swift; sourceTree = "<group>"; };
		0A812D232D467AB50005030C /* ProductDetailView.swift */ = {isa = PBXFileReference; lastKnownFileType = sourcecode.swift; path = ProductDetailView.swift; sourceTree = "<group>"; };
		0A812D252D4681C90005030C /* ProductDetailViewModel.swift */ = {isa = PBXFileReference; lastKnownFileType = sourcecode.swift; path = ProductDetailViewModel.swift; sourceTree = "<group>"; };
		0A812D2D2D468B2D0005030C /* NutritionModel.swift */ = {isa = PBXFileReference; lastKnownFileType = sourcecode.swift; path = NutritionModel.swift; sourceTree = "<group>"; };
		0A812D2F2D468B8B0005030C /* ImageModel.swift */ = {isa = PBXFileReference; lastKnownFileType = sourcecode.swift; path = ImageModel.swift; sourceTree = "<group>"; };
		0A88D1032D40617500628B19 /* ViewExtension.swift */ = {isa = PBXFileReference; lastKnownFileType = sourcecode.swift; path = ViewExtension.swift; sourceTree = "<group>"; };
		0A88D1062D41CC9300628B19 /* MainTabView.swift */ = {isa = PBXFileReference; lastKnownFileType = sourcecode.swift; path = MainTabView.swift; sourceTree = "<group>"; };
		0A88D10C2D42867D00628B19 /* HomeViewModel.swift */ = {isa = PBXFileReference; lastKnownFileType = sourcecode.swift; path = HomeViewModel.swift; sourceTree = "<group>"; };
		0A88D10F2D4287C400628B19 /* HomeView.swift */ = {isa = PBXFileReference; lastKnownFileType = sourcecode.swift; path = HomeView.swift; sourceTree = "<group>"; };
		0A88D1142D428E6400628B19 /* ExploreView.swift */ = {isa = PBXFileReference; lastKnownFileType = sourcecode.swift; path = ExploreView.swift; sourceTree = "<group>"; };
		0A88D1162D42A74D00628B19 /* TabButton.swift */ = {isa = PBXFileReference; lastKnownFileType = sourcecode.swift; path = TabButton.swift; sourceTree = "<group>"; };
		0A88D1182D42D56400628B19 /* SearchTextField.swift */ = {isa = PBXFileReference; lastKnownFileType = sourcecode.swift; path = SearchTextField.swift; sourceTree = "<group>"; };
		0A88D11C2D42D8FD00628B19 /* SectionTitleAll.swift */ = {isa = PBXFileReference; lastKnownFileType = sourcecode.swift; path = SectionTitleAll.swift; sourceTree = "<group>"; };
		0A88D1252D42E92000628B19 /* ProductCell.swift */ = {isa = PBXFileReference; lastKnownFileType = sourcecode.swift; path = ProductCell.swift; sourceTree = "<group>"; };
		0A88D1272D42F94600628B19 /* CategoryCell.swift */ = {isa = PBXFileReference; lastKnownFileType = sourcecode.swift; path = CategoryCell.swift; sourceTree = "<group>"; };
		0A9A05422D45449B009F5AA8 /* Globs.swift */ = {isa = PBXFileReference; lastKnownFileType = sourcecode.swift; path = Globs.swift; sourceTree = "<group>"; };
		0ABB5A9B2D353BFD00FB50A3 /* OnlinGroceryStore.app */ = {isa = PBXFileReference; explicitFileType = wrapper.application; includeInIndex = 0; path = OnlinGroceryStore.app; sourceTree = BUILT_PRODUCTS_DIR; };
		0ABB5AAC2D353C3900FB50A3 /* Preview Assets.xcassets */ = {isa = PBXFileReference; lastKnownFileType = folder.assetcatalog; path = "Preview Assets.xcassets"; sourceTree = "<group>"; };
		0ABB5AAE2D353C3900FB50A3 /* Assets.xcassets */ = {isa = PBXFileReference; lastKnownFileType = folder.assetcatalog; path = Assets.xcassets; sourceTree = "<group>"; };
		0ABB5AB02D353C3900FB50A3 /* OnlinGroceryStoreApp.swift */ = {isa = PBXFileReference; lastKnownFileType = sourcecode.swift; path = OnlinGroceryStoreApp.swift; sourceTree = "<group>"; };
		0ABB5AB62D353C4100FB50A3 /* UIKitExtention.swift */ = {isa = PBXFileReference; lastKnownFileType = sourcecode.swift; path = UIKitExtention.swift; sourceTree = "<group>"; };
		0ABB5AB82D353C4100FB50A3 /* UIExtension.swift */ = {isa = PBXFileReference; lastKnownFileType = sourcecode.swift; path = UIExtension.swift; sourceTree = "<group>"; };
		0ABB5AB92D353C4100FB50A3 /* RoundButton.swift */ = {isa = PBXFileReference; lastKnownFileType = sourcecode.swift; path = RoundButton.swift; sourceTree = "<group>"; };
		0ABB5AC12D353C4100FB50A3 /* WelcomeView.swift */ = {isa = PBXFileReference; lastKnownFileType = sourcecode.swift; path = WelcomeView.swift; sourceTree = "<group>"; };
		0ABB5AC42D353C4100FB50A3 /* Gilroy-Bold.ttf */ = {isa = PBXFileReference; lastKnownFileType = file; path = "Gilroy-Bold.ttf"; sourceTree = "<group>"; };
		0ABB5AC52D353C4100FB50A3 /* Gilroy-Medium.ttf */ = {isa = PBXFileReference; lastKnownFileType = file; path = "Gilroy-Medium.ttf"; sourceTree = "<group>"; };
		0ABB5AC62D353C4100FB50A3 /* Gilroy-Regular.ttf */ = {isa = PBXFileReference; lastKnownFileType = file; path = "Gilroy-Regular.ttf"; sourceTree = "<group>"; };
		0ABB5AC72D353C4100FB50A3 /* Gilroy-Semibold.ttf */ = {isa = PBXFileReference; lastKnownFileType = file; path = "Gilroy-Semibold.ttf"; sourceTree = "<group>"; };
		0ABB5AC92D353C4100FB50A3 /* Launch Screen.storyboard */ = {isa = PBXFileReference; lastKnownFileType = file.storyboard; path = "Launch Screen.storyboard"; sourceTree = "<group>"; };
		0ABB5AD72D353C7C00FB50A3 /* Info.plist */ = {isa = PBXFileReference; lastKnownFileType = text.plist.xml; path = Info.plist; sourceTree = "<group>"; };
		0ABCCEC32D487431009B8430 /* FavouriteView.swift */ = {isa = PBXFileReference; lastKnownFileType = sourcecode.swift; path = FavouriteView.swift; sourceTree = "<group>"; };
		0ABCCEC72D4874D0009B8430 /* FavouriteRow.swift */ = {isa = PBXFileReference; lastKnownFileType = sourcecode.swift; path = FavouriteRow.swift; sourceTree = "<group>"; };
		0ABCCEC92D48759E009B8430 /* FavouriteViewModel.swift */ = {isa = PBXFileReference; lastKnownFileType = sourcecode.swift; path = FavouriteViewModel.swift; sourceTree = "<group>"; };
		0ABCCECB2D497FAA009B8430 /* ExploreViewModel.swift */ = {isa = PBXFileReference; lastKnownFileType = sourcecode.swift; path = ExploreViewModel.swift; sourceTree = "<group>"; };
		0ABCCECD2D49822E009B8430 /* ExploreModel.swift */ = {isa = PBXFileReference; lastKnownFileType = sourcecode.swift; path = ExploreModel.swift; sourceTree = "<group>"; };
		0ABCCECF2D49969E009B8430 /* ExploreCategoryCell.swift */ = {isa = PBXFileReference; lastKnownFileType = sourcecode.swift; path = ExploreCategoryCell.swift; sourceTree = "<group>"; };
		0ABCCED12D49B86C009B8430 /* ExploreItemsView.swift */ = {isa = PBXFileReference; lastKnownFileType = sourcecode.swift; path = ExploreItemsView.swift; sourceTree = "<group>"; };
		0ABCCED32D49B924009B8430 /* ExploreItemViewModel .swift */ = {isa = PBXFileReference; lastKnownFileType = sourcecode.swift; path = "ExploreItemViewModel .swift"; sourceTree = "<group>"; };
		0ABCCED52D4A6022009B8430 /* SwiftUIView.swift */ = {isa = PBXFileReference; lastKnownFileType = sourcecode.swift; path = SwiftUIView.swift; sourceTree = "<group>"; };
		0ABCCED72D4B0212009B8430 /* CustomAppBar.swift */ = {isa = PBXFileReference; lastKnownFileType = sourcecode.swift; path = CustomAppBar.swift; sourceTree = "<group>"; };
/* End PBXFileReference section */

/* Begin PBXFrameworksBuildPhase section */
		0ABB5A982D353BFD00FB50A3 /* Frameworks */ = {
			isa = PBXFrameworksBuildPhase;
			buildActionMask = 2147483647;
			files = (
				0A88D1222D42E17D00628B19 /* SDWebImageSwiftUI in Frameworks */,
				0A7EBB192D370E730070CCED /* CountryPicker in Frameworks */,
			);
			runOnlyForDeploymentPostprocessing = 0;
		};
/* End PBXFrameworksBuildPhase section */

/* Begin PBXGroup section */
		0A88D1052D41CC6000628B19 /* MainTab */ = {
			isa = PBXGroup;
			children = (
				0A88D1062D41CC9300628B19 /* MainTabView.swift */,
			);
			path = MainTab;
			sourceTree = "<group>";
		};
		0A88D10E2D4287B500628B19 /* Home */ = {
			isa = PBXGroup;
			children = (
				0A88D10F2D4287C400628B19 /* HomeView.swift */,
				0A812D232D467AB50005030C /* ProductDetailView.swift */,
			);
			path = Home;
			sourceTree = "<group>";
		};
		0A88D1112D428E1A00628B19 /* Explore */ = {
			isa = PBXGroup;
			children = (
				0A88D1142D428E6400628B19 /* ExploreView.swift */,
				0ABCCED12D49B86C009B8430 /* ExploreItemsView.swift */,
			);
			path = Explore;
			sourceTree = "<group>";
		};
		0ABB5A922D353BFD00FB50A3 = {
			isa = PBXGroup;
			children = (
				0ABB5AB12D353C3900FB50A3 /* OnlinGroceryStore */,
				0ABB5A9C2D353BFD00FB50A3 /* Products */,
			);
			sourceTree = "<group>";
		};
		0ABB5A9C2D353BFD00FB50A3 /* Products */ = {
			isa = PBXGroup;
			children = (
				0ABB5A9B2D353BFD00FB50A3 /* OnlinGroceryStore.app */,
			);
			name = Products;
			sourceTree = "<group>";
		};
		0ABB5AAD2D353C3900FB50A3 /* Preview Content */ = {
			isa = PBXGroup;
			children = (
				0ABB5AAC2D353C3900FB50A3 /* Preview Assets.xcassets */,
			);
			path = "Preview Content";
			sourceTree = "<group>";
		};
		0ABB5AB12D353C3900FB50A3 /* OnlinGroceryStore */ = {
			isa = PBXGroup;
			children = (
				0ABB5AB72D353C4100FB50A3 /* Common */,
				0ABB5ABE2D353C4100FB50A3 /* UICommon */,
				0ABB5ABF2D353C4100FB50A3 /* Model */,
				0ABB5AC02D353C4100FB50A3 /* VeiwModel */,
				0ABB5AC32D353C4100FB50A3 /* View */,
				0ABB5AD72D353C7C00FB50A3 /* Info.plist */,
				0ABB5AC82D353C4100FB50A3 /* Fonts */,
				0ABB5AB02D353C3900FB50A3 /* OnlinGroceryStoreApp.swift */,
				0ABB5AC92D353C4100FB50A3 /* Launch Screen.storyboard */,
				0ABB5AAD2D353C3900FB50A3 /* Preview Content */,
				0ABB5AAE2D353C3900FB50A3 /* Assets.xcassets */,
			);
			path = OnlinGroceryStore;
			sourceTree = "<group>";
		};
		0ABB5AB72D353C4100FB50A3 /* Common */ = {
			isa = PBXGroup;
			children = (
				0ABB5AB62D353C4100FB50A3 /* UIKitExtention.swift */,
			);
			path = Common;
			sourceTree = "<group>";
		};
		0ABB5ABE2D353C4100FB50A3 /* UICommon */ = {
			isa = PBXGroup;
			children = (
				0ABCCEC72D4874D0009B8430 /* FavouriteRow.swift */,
				0A9A05422D45449B009F5AA8 /* Globs.swift */,
				0A88D11C2D42D8FD00628B19 /* SectionTitleAll.swift */,
				0A88D1182D42D56400628B19 /* SearchTextField.swift */,
				0A7EBB152D370E4B0070CCED /* CountryPickerUI.swift */,
				0ABB5AB82D353C4100FB50A3 /* UIExtension.swift */,
				0ABB5AB92D353C4100FB50A3 /* RoundButton.swift */,
				0A7EBB242D3850550070CCED /* FormTextfield.swift */,
				0A7EBB262D3898380070CCED /* ServiceCall.swift */,
				0A88D1032D40617500628B19 /* ViewExtension.swift */,
				0ABCCED72D4B0212009B8430 /* CustomAppBar.swift */,
				0A88D1162D42A74D00628B19 /* TabButton.swift */,
				0A88D1252D42E92000628B19 /* ProductCell.swift */,
				0A88D1272D42F94600628B19 /* CategoryCell.swift */,
				0ABCCECF2D49969E009B8430 /* ExploreCategoryCell.swift */,
				0ABCCED52D4A6022009B8430 /* SwiftUIView.swift */,
			);
			path = UICommon;
			sourceTree = "<group>";
		};
		0ABB5ABF2D353C4100FB50A3 /* Model */ = {
			isa = PBXGroup;
			children = (
				0ABCCECD2D49822E009B8430 /* ExploreModel.swift */,
				0A812D2F2D468B8B0005030C /* ImageModel.swift */,
				0A812D2D2D468B2D0005030C /* NutritionModel.swift */,
				0A480D792D3CA90A008032D3 /* UserModel.swift */,
				0A4E2EE92D43EA0000BE8075 /* ProductModel.swift */,
				0A4E2EEB2D446EA400BE8075 /* CategoryModel.swift */,
			);
			path = Model;
			sourceTree = "<group>";
		};
		0ABB5AC02D353C4100FB50A3 /* VeiwModel */ = {
			isa = PBXGroup;
			children = (
				0ABCCED32D49B924009B8430 /* ExploreItemViewModel .swift */,
				0ABCCECB2D497FAA009B8430 /* ExploreViewModel.swift */,
				0ABCCEC92D48759E009B8430 /* FavouriteViewModel.swift */,
				0A7EBB202D37E1880070CCED /* MainViewModel.swift */,
				0A88D10C2D42867D00628B19 /* HomeViewModel.swift */,
				0A812D252D4681C90005030C /* ProductDetailViewModel.swift */,
			);
			path = VeiwModel;
			sourceTree = "<group>";
		};
		0ABB5AC22D353C4100FB50A3 /* Login */ = {
			isa = PBXGroup;
			children = (
				0A7EBB112D36F81A0070CCED /* SignInView.swift */,
				0ABB5AC12D353C4100FB50A3 /* WelcomeView.swift */,
				0A7EBB1A2D3713FD0070CCED /* LoginView.swift */,
				0A7EBB1C2D37141A0070CCED /* SignUpView.swift */,
			);
			path = Login;
			sourceTree = "<group>";
		};
		0ABB5AC32D353C4100FB50A3 /* View */ = {
			isa = PBXGroup;
			children = (
				0ABCCEC22D487417009B8430 /* FavouriteView */,
				0A88D1112D428E1A00628B19 /* Explore */,
				0A88D10E2D4287B500628B19 /* Home */,
				0A88D1052D41CC6000628B19 /* MainTab */,
				0ABB5AC22D353C4100FB50A3 /* Login */,
			);
			path = View;
			sourceTree = "<group>";
		};
		0ABB5AC82D353C4100FB50A3 /* Fonts */ = {
			isa = PBXGroup;
			children = (
				0ABB5AC42D353C4100FB50A3 /* Gilroy-Bold.ttf */,
				0ABB5AC52D353C4100FB50A3 /* Gilroy-Medium.ttf */,
				0ABB5AC62D353C4100FB50A3 /* Gilroy-Regular.ttf */,
				0ABB5AC72D353C4100FB50A3 /* Gilroy-Semibold.ttf */,
			);
			path = Fonts;
			sourceTree = "<group>";
		};
		0ABCCEC22D487417009B8430 /* FavouriteView */ = {
			isa = PBXGroup;
			children = (
				0ABCCEC32D487431009B8430 /* FavouriteView.swift */,
			);
			path = FavouriteView;
			sourceTree = "<group>";
		};
/* End PBXGroup section */

/* Begin PBXNativeTarget section */
		0ABB5A9A2D353BFD00FB50A3 /* OnlinGroceryStore */ = {
			isa = PBXNativeTarget;
			buildConfigurationList = 0ABB5AA92D353BFF00FB50A3 /* Build configuration list for PBXNativeTarget "OnlinGroceryStore" */;
			buildPhases = (
				0ABB5A972D353BFD00FB50A3 /* Sources */,
				0ABB5A982D353BFD00FB50A3 /* Frameworks */,
				0ABB5A992D353BFD00FB50A3 /* Resources */,
			);
			buildRules = (
			);
			dependencies = (
			);
			name = OnlinGroceryStore;
			packageProductDependencies = (
				0A7EBB182D370E730070CCED /* CountryPicker */,
				0A88D1212D42E17D00628B19 /* SDWebImageSwiftUI */,
			);
			productName = OnlinGroceryStore;
			productReference = 0ABB5A9B2D353BFD00FB50A3 /* OnlinGroceryStore.app */;
			productType = "com.apple.product-type.application";
		};
/* End PBXNativeTarget section */

/* Begin PBXProject section */
		0ABB5A932D353BFD00FB50A3 /* Project object */ = {
			isa = PBXProject;
			attributes = {
				BuildIndependentTargetsInParallel = 1;
				LastSwiftUpdateCheck = 1620;
				LastUpgradeCheck = 1620;
				TargetAttributes = {
					0ABB5A9A2D353BFD00FB50A3 = {
						CreatedOnToolsVersion = 16.2;
					};
				};
			};
			buildConfigurationList = 0ABB5A962D353BFD00FB50A3 /* Build configuration list for PBXProject "OnlinGroceryStore" */;
			developmentRegion = en;
			hasScannedForEncodings = 0;
			knownRegions = (
				en,
				Base,
			);
			mainGroup = 0ABB5A922D353BFD00FB50A3;
			minimizedProjectReferenceProxies = 1;
			packageReferences = (
				0A7EBB172D370E730070CCED /* XCRemoteSwiftPackageReference "CountryPicker" */,
				0A88D1202D42E17D00628B19 /* XCRemoteSwiftPackageReference "SDWebImageSwiftUI" */,
			);
			preferredProjectObjectVersion = 77;
			productRefGroup = 0ABB5A9C2D353BFD00FB50A3 /* Products */;
			projectDirPath = "";
			projectRoot = "";
			targets = (
				0ABB5A9A2D353BFD00FB50A3 /* OnlinGroceryStore */,
			);
		};
/* End PBXProject section */

/* Begin PBXResourcesBuildPhase section */
		0ABB5A992D353BFD00FB50A3 /* Resources */ = {
			isa = PBXResourcesBuildPhase;
			buildActionMask = 2147483647;
			files = (
				0ABB5AB42D353C3900FB50A3 /* Preview Assets.xcassets in Resources */,
				0ABB5AB52D353C3900FB50A3 /* Assets.xcassets in Resources */,
				0ABB5ACA2D353C4100FB50A3 /* Launch Screen.storyboard in Resources */,
				0ABB5ACB2D353C4100FB50A3 /* Gilroy-Semibold.ttf in Resources */,
				0ABB5ACC2D353C4100FB50A3 /* Gilroy-Regular.ttf in Resources */,
				0ABB5ACD2D353C4100FB50A3 /* Gilroy-Medium.ttf in Resources */,
				0ABB5ACE2D353C4100FB50A3 /* Gilroy-Bold.ttf in Resources */,
			);
			runOnlyForDeploymentPostprocessing = 0;
		};
/* End PBXResourcesBuildPhase section */

/* Begin PBXSourcesBuildPhase section */
		0ABB5A972D353BFD00FB50A3 /* Sources */ = {
			isa = PBXSourcesBuildPhase;
			buildActionMask = 2147483647;
			files = (
				0A88D10D2D42867D00628B19 /* HomeViewModel.swift in Sources */,
				0A812D302D468B8B0005030C /* ImageModel.swift in Sources */,
				0A7EBB162D370E4B0070CCED /* CountryPickerUI.swift in Sources */,
				0ABB5AD12D353C4100FB50A3 /* UIKitExtention.swift in Sources */,
				0A88D1072D41CC9300628B19 /* MainTabView.swift in Sources */,
				0A7EBB122D36F8290070CCED /* SignInView.swift in Sources */,
				0ABCCECE2D49822E009B8430 /* ExploreModel.swift in Sources */,
				0ABB5AD22D353C4100FB50A3 /* RoundButton.swift in Sources */,
				0A4E2EEC2D446EA400BE8075 /* CategoryModel.swift in Sources */,
				0A812D262D4681C90005030C /* ProductDetailViewModel.swift in Sources */,
				0ABB5AD32D353C4100FB50A3 /* UIExtension.swift in Sources */,
				0A7EBB212D37E1880070CCED /* MainViewModel.swift in Sources */,
				0A88D1102D4287C400628B19 /* HomeView.swift in Sources */,
				0ABB5AD42D353C4100FB50A3 /* WelcomeView.swift in Sources */,
				0A88D1282D42F94600628B19 /* CategoryCell.swift in Sources */,
				0A88D1192D42D56400628B19 /* SearchTextField.swift in Sources */,
				0A480D7A2D3CA90A008032D3 /* UserModel.swift in Sources */,
				0A7EBB1B2D3713FD0070CCED /* LoginView.swift in Sources */,
				0A88D1172D42A74D00628B19 /* TabButton.swift in Sources */,
				0ABCCEC42D487431009B8430 /* FavouriteView.swift in Sources */,
				0ABCCED42D49B924009B8430 /* ExploreItemViewModel .swift in Sources */,
				0A9A05432D45449B009F5AA8 /* Globs.swift in Sources */,
				0ABCCECA2D48759E009B8430 /* FavouriteViewModel.swift in Sources */,
				0A7EBB1D2D37141A0070CCED /* SignUpView.swift in Sources */,
				0A7EBB272D3898380070CCED /* ServiceCall.swift in Sources */,
				0ABB5AB32D353C3900FB50A3 /* OnlinGroceryStoreApp.swift in Sources */,
				0ABCCED62D4A6022009B8430 /* SwiftUIView.swift in Sources */,
				0A812D242D467AB50005030C /* ProductDetailView.swift in Sources */,
				0A4E2EEA2D43EA0000BE8075 /* ProductModel.swift in Sources */,
				0ABCCED82D4B0212009B8430 /* CustomAppBar.swift in Sources */,
				0A7EBB252D3850550070CCED /* FormTextfield.swift in Sources */,
				0ABCCEC82D4874D0009B8430 /* FavouriteRow.swift in Sources */,
				0ABCCED02D49969E009B8430 /* ExploreCategoryCell.swift in Sources */,
				0A88D1152D428E6400628B19 /* ExploreView.swift in Sources */,
				0ABCCED22D49B86D009B8430 /* ExploreItemsView.swift in Sources */,
				0A812D2E2D468B2D0005030C /* NutritionModel.swift in Sources */,
				0ABCCECC2D497FAA009B8430 /* ExploreViewModel.swift in Sources */,
				0A88D1262D42E92000628B19 /* ProductCell.swift in Sources */,
				0A88D11D2D42D8FD00628B19 /* SectionTitleAll.swift in Sources */,
				0A88D1042D40617500628B19 /* ViewExtension.swift in Sources */,
			);
			runOnlyForDeploymentPostprocessing = 0;
		};
/* End PBXSourcesBuildPhase section */

/* Begin XCBuildConfiguration section */
		0ABB5AA72D353BFF00FB50A3 /* Debug */ = {
			isa = XCBuildConfiguration;
			buildSettings = {
				ALWAYS_SEARCH_USER_PATHS = NO;
				ASSETCATALOG_COMPILER_GENERATE_SWIFT_ASSET_SYMBOL_EXTENSIONS = YES;
				CLANG_ANALYZER_NONNULL = YES;
				CLANG_ANALYZER_NUMBER_OBJECT_CONVERSION = YES_AGGRESSIVE;
				CLANG_CXX_LANGUAGE_STANDARD = "gnu++20";
				CLANG_ENABLE_MODULES = YES;
				CLANG_ENABLE_OBJC_ARC = YES;
				CLANG_ENABLE_OBJC_WEAK = YES;
				CLANG_WARN_BLOCK_CAPTURE_AUTORELEASING = YES;
				CLANG_WARN_BOOL_CONVERSION = YES;
				CLANG_WARN_COMMA = YES;
				CLANG_WARN_CONSTANT_CONVERSION = YES;
				CLANG_WARN_DEPRECATED_OBJC_IMPLEMENTATIONS = YES;
				CLANG_WARN_DIRECT_OBJC_ISA_USAGE = YES_ERROR;
				CLANG_WARN_DOCUMENTATION_COMMENTS = YES;
				CLANG_WARN_EMPTY_BODY = YES;
				CLANG_WARN_ENUM_CONVERSION = YES;
				CLANG_WARN_INFINITE_RECURSION = YES;
				CLANG_WARN_INT_CONVERSION = YES;
				CLANG_WARN_NON_LITERAL_NULL_CONVERSION = YES;
				CLANG_WARN_OBJC_IMPLICIT_RETAIN_SELF = YES;
				CLANG_WARN_OBJC_LITERAL_CONVERSION = YES;
				CLANG_WARN_OBJC_ROOT_CLASS = YES_ERROR;
				CLANG_WARN_QUOTED_INCLUDE_IN_FRAMEWORK_HEADER = YES;
				CLANG_WARN_RANGE_LOOP_ANALYSIS = YES;
				CLANG_WARN_STRICT_PROTOTYPES = YES;
				CLANG_WARN_SUSPICIOUS_MOVE = YES;
				CLANG_WARN_UNGUARDED_AVAILABILITY = YES_AGGRESSIVE;
				CLANG_WARN_UNREACHABLE_CODE = YES;
				CLANG_WARN__DUPLICATE_METHOD_MATCH = YES;
				COPY_PHASE_STRIP = NO;
				DEBUG_INFORMATION_FORMAT = dwarf;
				ENABLE_STRICT_OBJC_MSGSEND = YES;
				ENABLE_TESTABILITY = YES;
				ENABLE_USER_SCRIPT_SANDBOXING = YES;
				GCC_C_LANGUAGE_STANDARD = gnu17;
				GCC_DYNAMIC_NO_PIC = NO;
				GCC_NO_COMMON_BLOCKS = YES;
				GCC_OPTIMIZATION_LEVEL = 0;
				GCC_PREPROCESSOR_DEFINITIONS = (
					"DEBUG=1",
					"$(inherited)",
				);
				GCC_WARN_64_TO_32_BIT_CONVERSION = YES;
				GCC_WARN_ABOUT_RETURN_TYPE = YES_ERROR;
				GCC_WARN_UNDECLARED_SELECTOR = YES;
				GCC_WARN_UNINITIALIZED_AUTOS = YES_AGGRESSIVE;
				GCC_WARN_UNUSED_FUNCTION = YES;
				GCC_WARN_UNUSED_VARIABLE = YES;
				IPHONEOS_DEPLOYMENT_TARGET = 18.2;
				LOCALIZATION_PREFERS_STRING_CATALOGS = YES;
				MTL_ENABLE_DEBUG_INFO = INCLUDE_SOURCE;
				MTL_FAST_MATH = YES;
				ONLY_ACTIVE_ARCH = YES;
				SDKROOT = iphoneos;
				SWIFT_ACTIVE_COMPILATION_CONDITIONS = "DEBUG $(inherited)";
				SWIFT_OPTIMIZATION_LEVEL = "-Onone";
			};
			name = Debug;
		};
		0ABB5AA82D353BFF00FB50A3 /* Release */ = {
			isa = XCBuildConfiguration;
			buildSettings = {
				ALWAYS_SEARCH_USER_PATHS = NO;
				ASSETCATALOG_COMPILER_GENERATE_SWIFT_ASSET_SYMBOL_EXTENSIONS = YES;
				CLANG_ANALYZER_NONNULL = YES;
				CLANG_ANALYZER_NUMBER_OBJECT_CONVERSION = YES_AGGRESSIVE;
				CLANG_CXX_LANGUAGE_STANDARD = "gnu++20";
				CLANG_ENABLE_MODULES = YES;
				CLANG_ENABLE_OBJC_ARC = YES;
				CLANG_ENABLE_OBJC_WEAK = YES;
				CLANG_WARN_BLOCK_CAPTURE_AUTORELEASING = YES;
				CLANG_WARN_BOOL_CONVERSION = YES;
				CLANG_WARN_COMMA = YES;
				CLANG_WARN_CONSTANT_CONVERSION = YES;
				CLANG_WARN_DEPRECATED_OBJC_IMPLEMENTATIONS = YES;
				CLANG_WARN_DIRECT_OBJC_ISA_USAGE = YES_ERROR;
				CLANG_WARN_DOCUMENTATION_COMMENTS = YES;
				CLANG_WARN_EMPTY_BODY = YES;
				CLANG_WARN_ENUM_CONVERSION = YES;
				CLANG_WARN_INFINITE_RECURSION = YES;
				CLANG_WARN_INT_CONVERSION = YES;
				CLANG_WARN_NON_LITERAL_NULL_CONVERSION = YES;
				CLANG_WARN_OBJC_IMPLICIT_RETAIN_SELF = YES;
				CLANG_WARN_OBJC_LITERAL_CONVERSION = YES;
				CLANG_WARN_OBJC_ROOT_CLASS = YES_ERROR;
				CLANG_WARN_QUOTED_INCLUDE_IN_FRAMEWORK_HEADER = YES;
				CLANG_WARN_RANGE_LOOP_ANALYSIS = YES;
				CLANG_WARN_STRICT_PROTOTYPES = YES;
				CLANG_WARN_SUSPICIOUS_MOVE = YES;
				CLANG_WARN_UNGUARDED_AVAILABILITY = YES_AGGRESSIVE;
				CLANG_WARN_UNREACHABLE_CODE = YES;
				CLANG_WARN__DUPLICATE_METHOD_MATCH = YES;
				COPY_PHASE_STRIP = NO;
				DEBUG_INFORMATION_FORMAT = "dwarf-with-dsym";
				ENABLE_NS_ASSERTIONS = NO;
				ENABLE_STRICT_OBJC_MSGSEND = YES;
				ENABLE_USER_SCRIPT_SANDBOXING = YES;
				GCC_C_LANGUAGE_STANDARD = gnu17;
				GCC_NO_COMMON_BLOCKS = YES;
				GCC_WARN_64_TO_32_BIT_CONVERSION = YES;
				GCC_WARN_ABOUT_RETURN_TYPE = YES_ERROR;
				GCC_WARN_UNDECLARED_SELECTOR = YES;
				GCC_WARN_UNINITIALIZED_AUTOS = YES_AGGRESSIVE;
				GCC_WARN_UNUSED_FUNCTION = YES;
				GCC_WARN_UNUSED_VARIABLE = YES;
				IPHONEOS_DEPLOYMENT_TARGET = 18.2;
				LOCALIZATION_PREFERS_STRING_CATALOGS = YES;
				MTL_ENABLE_DEBUG_INFO = NO;
				MTL_FAST_MATH = YES;
				SDKROOT = iphoneos;
				SWIFT_COMPILATION_MODE = wholemodule;
				VALIDATE_PRODUCT = YES;
			};
			name = Release;
		};
		0ABB5AAA2D353BFF00FB50A3 /* Debug */ = {
			isa = XCBuildConfiguration;
			buildSettings = {
				ASSETCATALOG_COMPILER_APPICON_NAME = AppIcon;
				ASSETCATALOG_COMPILER_GLOBAL_ACCENT_COLOR_NAME = AccentColor;
				CODE_SIGN_STYLE = Automatic;
				CURRENT_PROJECT_VERSION = 1;
				DEVELOPMENT_ASSET_PATHS = "\"OnlinGroceryStore/Preview Content\"";
				DEVELOPMENT_TEAM = 85H8A8SH2D;
				ENABLE_PREVIEWS = YES;
				GENERATE_INFOPLIST_FILE = YES;
				INFOPLIST_FILE = OnlinGroceryStore/Info.plist;
				INFOPLIST_KEY_UIApplicationSceneManifest_Generation = YES;
				INFOPLIST_KEY_UIApplicationSupportsIndirectInputEvents = YES;
				INFOPLIST_KEY_UILaunchScreen_Generation = YES;
				INFOPLIST_KEY_UILaunchStoryboardName = "Launch Screen.storyboard";
				INFOPLIST_KEY_UISupportedInterfaceOrientations = "UIInterfaceOrientationLandscapeLeft UIInterfaceOrientationLandscapeRight UIInterfaceOrientationPortrait";
				IPHONEOS_DEPLOYMENT_TARGET = 15.6;
				LD_RUNPATH_SEARCH_PATHS = (
					"$(inherited)",
					"@executable_path/Frameworks",
				);
				MARKETING_VERSION = 1.0;
				PRODUCT_BUNDLE_IDENTIFIER = com.mo.selim.dev.OnlinGroceryStore;
				PRODUCT_NAME = "$(TARGET_NAME)";
				SUPPORTED_PLATFORMS = "iphoneos iphonesimulator";
				SUPPORTS_MACCATALYST = NO;
				SUPPORTS_MAC_DESIGNED_FOR_IPHONE_IPAD = NO;
				SUPPORTS_XR_DESIGNED_FOR_IPHONE_IPAD = NO;
				SWIFT_EMIT_LOC_STRINGS = YES;
				SWIFT_VERSION = 5.0;
				TARGETED_DEVICE_FAMILY = "1,2";
			};
			name = Debug;
		};
		0ABB5AAB2D353BFF00FB50A3 /* Release */ = {
			isa = XCBuildConfiguration;
			buildSettings = {
				ASSETCATALOG_COMPILER_APPICON_NAME = AppIcon;
				ASSETCATALOG_COMPILER_GLOBAL_ACCENT_COLOR_NAME = AccentColor;
				CODE_SIGN_STYLE = Automatic;
				CURRENT_PROJECT_VERSION = 1;
				DEVELOPMENT_ASSET_PATHS = "\"OnlinGroceryStore/Preview Content\"";
				DEVELOPMENT_TEAM = 85H8A8SH2D;
				ENABLE_PREVIEWS = YES;
				GENERATE_INFOPLIST_FILE = YES;
				INFOPLIST_FILE = OnlinGroceryStore/Info.plist;
				INFOPLIST_KEY_UIApplicationSceneManifest_Generation = YES;
				INFOPLIST_KEY_UIApplicationSupportsIndirectInputEvents = YES;
				INFOPLIST_KEY_UILaunchScreen_Generation = YES;
				INFOPLIST_KEY_UILaunchStoryboardName = "Launch Screen.storyboard";
				INFOPLIST_KEY_UISupportedInterfaceOrientations = "UIInterfaceOrientationLandscapeLeft UIInterfaceOrientationLandscapeRight UIInterfaceOrientationPortrait";
				IPHONEOS_DEPLOYMENT_TARGET = 15.6;
				LD_RUNPATH_SEARCH_PATHS = (
					"$(inherited)",
					"@executable_path/Frameworks",
				);
				MARKETING_VERSION = 1.0;
				PRODUCT_BUNDLE_IDENTIFIER = com.mo.selim.dev.OnlinGroceryStore;
				PRODUCT_NAME = "$(TARGET_NAME)";
				SUPPORTED_PLATFORMS = "iphoneos iphonesimulator";
				SUPPORTS_MACCATALYST = NO;
				SUPPORTS_MAC_DESIGNED_FOR_IPHONE_IPAD = NO;
				SUPPORTS_XR_DESIGNED_FOR_IPHONE_IPAD = NO;
				SWIFT_EMIT_LOC_STRINGS = YES;
				SWIFT_VERSION = 5.0;
				TARGETED_DEVICE_FAMILY = "1,2";
			};
			name = Release;
		};
/* End XCBuildConfiguration section */

/* Begin XCConfigurationList section */
		0ABB5A962D353BFD00FB50A3 /* Build configuration list for PBXProject "OnlinGroceryStore" */ = {
			isa = XCConfigurationList;
			buildConfigurations = (
				0ABB5AA72D353BFF00FB50A3 /* Debug */,
				0ABB5AA82D353BFF00FB50A3 /* Release */,
			);
			defaultConfigurationIsVisible = 0;
			defaultConfigurationName = Release;
		};
		0ABB5AA92D353BFF00FB50A3 /* Build configuration list for PBXNativeTarget "OnlinGroceryStore" */ = {
			isa = XCConfigurationList;
			buildConfigurations = (
				0ABB5AAA2D353BFF00FB50A3 /* Debug */,
				0ABB5AAB2D353BFF00FB50A3 /* Release */,
			);
			defaultConfigurationIsVisible = 0;
			defaultConfigurationName = Release;
		};
/* End XCConfigurationList section */

/* Begin XCRemoteSwiftPackageReference section */
		0A7EBB172D370E730070CCED /* XCRemoteSwiftPackageReference "CountryPicker" */ = {
			isa = XCRemoteSwiftPackageReference;
			repositoryURL = "https://github.com/mobven/CountryPicker.git";
			requirement = {
				kind = upToNextMajorVersion;
				minimumVersion = 2.0.3;
			};
		};
		0A88D1202D42E17D00628B19 /* XCRemoteSwiftPackageReference "SDWebImageSwiftUI" */ = {
			isa = XCRemoteSwiftPackageReference;
			repositoryURL = "https://github.com/SDWebImage/SDWebImageSwiftUI.git";
			requirement = {
				kind = upToNextMajorVersion;
				minimumVersion = 3.1.3;
			};
		};
/* End XCRemoteSwiftPackageReference section */

/* Begin XCSwiftPackageProductDependency section */
		0A7EBB182D370E730070CCED /* CountryPicker */ = {
			isa = XCSwiftPackageProductDependency;
			package = 0A7EBB172D370E730070CCED /* XCRemoteSwiftPackageReference "CountryPicker" */;
			productName = CountryPicker;
		};
		0A88D1212D42E17D00628B19 /* SDWebImageSwiftUI */ = {
			isa = XCSwiftPackageProductDependency;
			package = 0A88D1202D42E17D00628B19 /* XCRemoteSwiftPackageReference "SDWebImageSwiftUI" */;
			productName = SDWebImageSwiftUI;
		};
/* End XCSwiftPackageProductDependency section */
	};
	rootObject = 0ABB5A932D353BFD00FB50A3 /* Project object */;
}
